
Microsoft Visual Studio Solution File, Format Version 12.00
# Visual Studio Version 16
VisualStudioVersion = 16.0.33927.289
MinimumVisualStudioVersion = 10.0.40219.1
Project("{2150E333-8FDC-42A3-9474-1A3956D46DE8}") = "Task0", "Task0", "{BF7139F3-0AE3-4D51-9462-3B286C6467D6}"
EndProject
Project("{FAE04EC0-301F-11D3-BF4B-00C04F79EFBC}") = "Tyuiu.MotorovaDD.Sprint0.Task0.V0", "Tyuiu.MotorovaDD.Sprint0.Task0.V0\Tyuiu.MotorovaDD.Sprint0.Task0.V0.csproj", "{E1311C01-3DE3-4EA9-82BF-BE76EA09F495}"
EndProject
Project("{2150E333-8FDC-42A3-9474-1A3956D46DE8}") = "Task1", "Task1", "{1BE66A11-7212-4947-B6D6-E50CF83E1184}"
EndProject
Project("{FAE04EC0-301F-11D3-BF4B-00C04F79EFBC}") = "Tyuiu.MotorovaDD.Sprint0.Task1.V0", "Tyuiu.MotorovaDD.Sprint0.Task1.V0\Tyuiu.MotorovaDD.Sprint0.Task1.V0.csproj", "{21B6AB83-E0BA-41EE-8B73-DA06DB87C437}"
EndProject
Project("{2150E333-8FDC-42A3-9474-1A3956D46DE8}") = "Task2", "Task2", "{1DF6F4D8-05F3-4C77-9466-BF3C1F28A5FD}"
EndProject
Project("{FAE04EC0-301F-11D3-BF4B-00C04F79EFBC}") = "Tyuiu.MotorovaDD.Sprint0.Task2.V0", "Tyuiu.MotorovaDD.Sprint0.Task2.V0\Tyuiu.MotorovaDD.Sprint0.Task2.V0.csproj", "{8E03BD2E-3BD4-41DC-A427-52D5B30FCD57}"
EndProject
Project("{FAE04EC0-301F-11D3-BF4B-00C04F79EFBC}") = "Tyuiu.MotorovaDD.Sprint0.Task2.V0.Lib", "Tyuiu.MotorovaDD.Sprint0.Task2.V0.Lib\Tyuiu.MotorovaDD.Sprint0.Task2.V0.Lib.csproj", "{63A4F596-DD34-4375-BC5D-261B34ABF500}"
EndProject
Project("{FAE04EC0-301F-11D3-BF4B-00C04F79EFBC}") = "Tyuiu.MotorovaDD.Sprint0.Task2.V0.Test", "Tyuiu.MotorovaDD.Sprint0.Task2.V0.Test\Tyuiu.MotorovaDD.Sprint0.Task2.V0.Test.csproj", "{9CF1C64E-AE68-43A4-B5A6-87B5FEFF25BA}"
EndProject
Project("{2150E333-8FDC-42A3-9474-1A3956D46DE8}") = "Task3", "Task3", "{D8FAB6C9-6A72-4379-B1AF-2C34AE110C83}"
EndProject
Project("{FAE04EC0-301F-11D3-BF4B-00C04F79EFBC}") = "Tyuiu.MotorovaDD.Sprint0.Task3.V0", "Tyuiu.MotorovaDD.Sprint0.Task3.V0\Tyuiu.MotorovaDD.Sprint0.Task3.V0.csproj", "{325DC289-6319-4116-AED1-4E036715084B}"
EndProject
Project("{FAE04EC0-301F-11D3-BF4B-00C04F79EFBC}") = "Tyuiu.MotorovaDD.Sprint0.Task3.V0.Test", "Tyuiu.MotorovaDD.Sprint0.Task3.V0.Test\Tyuiu.MotorovaDD.Sprint0.Task3.V0.Test.csproj", "{2A36C88D-4A49-493C-9CD2-0D4501F76CCD}"
EndProject
Project("{FAE04EC0-301F-11D3-BF4B-00C04F79EFBC}") = "Tyuiu.MotorovaDD.Sprint0.Task3.V0.Lib", "Tyuiu.MotorovaDD.Sprint0.Task3.V0.Lib\Tyuiu.MotorovaDD.Sprint0.Task3.V0.Lib.csproj", "{504E35BB-6DDA-45D2-9AB7-B1F15A1DFEFF}"
EndProject
Global
	GlobalSection(SolutionConfigurationPlatforms) = preSolution
		Debug|Any CPU = Debug|Any CPU
		Release|Any CPU = Release|Any CPU
	EndGlobalSection
	GlobalSection(ProjectConfigurationPlatforms) = postSolution
		{E1311C01-3DE3-4EA9-82BF-BE76EA09F495}.Debug|Any CPU.ActiveCfg = Debug|Any CPU
		{E1311C01-3DE3-4EA9-82BF-BE76EA09F495}.Debug|Any CPU.Build.0 = Debug|Any CPU
		{E1311C01-3DE3-4EA9-82BF-BE76EA09F495}.Release|Any CPU.ActiveCfg = Release|Any CPU
		{E1311C01-3DE3-4EA9-82BF-BE76EA09F495}.Release|Any CPU.Build.0 = Release|Any CPU
		{21B6AB83-E0BA-41EE-8B73-DA06DB87C437}.Debug|Any CPU.ActiveCfg = Debug|Any CPU
		{21B6AB83-E0BA-41EE-8B73-DA06DB87C437}.Debug|Any CPU.Build.0 = Debug|Any CPU
		{21B6AB83-E0BA-41EE-8B73-DA06DB87C437}.Release|Any CPU.ActiveCfg = Release|Any CPU
		{21B6AB83-E0BA-41EE-8B73-DA06DB87C437}.Release|Any CPU.Build.0 = Release|Any CPU
		{8E03BD2E-3BD4-41DC-A427-52D5B30FCD57}.Debug|Any CPU.ActiveCfg = Debug|Any CPU
		{8E03BD2E-3BD4-41DC-A427-52D5B30FCD57}.Debug|Any CPU.Build.0 = Debug|Any CPU
		{8E03BD2E-3BD4-41DC-A427-52D5B30FCD57}.Release|Any CPU.ActiveCfg = Release|Any CPU
		{8E03BD2E-3BD4-41DC-A427-52D5B30FCD57}.Release|Any CPU.Build.0 = Release|Any CPU
		{63A4F596-DD34-4375-BC5D-261B34ABF500}.Debug|Any CPU.ActiveCfg = Debug|Any CPU
		{63A4F596-DD34-4375-BC5D-261B34ABF500}.Debug|Any CPU.Build.0 = Debug|Any CPU
		{63A4F596-DD34-4375-BC5D-261B34ABF500}.Release|Any CPU.ActiveCfg = Release|Any CPU
		{63A4F596-DD34-4375-BC5D-261B34ABF500}.Release|Any CPU.Build.0 = Release|Any CPU
		{9CF1C64E-AE68-43A4-B5A6-87B5FEFF25BA}.Debug|Any CPU.ActiveCfg = Debug|Any CPU
		{9CF1C64E-AE68-43A4-B5A6-87B5FEFF25BA}.Debug|Any CPU.Build.0 = Debug|Any CPU
		{9CF1C64E-AE68-43A4-B5A6-87B5FEFF25BA}.Release|Any CPU.ActiveCfg = Release|Any CPU
		{9CF1C64E-AE68-43A4-B5A6-87B5FEFF25BA}.Release|Any CPU.Build.0 = Release|Any CPU
		{325DC289-6319-4116-AED1-4E036715084B}.Debug|Any CPU.ActiveCfg = Debug|Any CPU
		{325DC289-6319-4116-AED1-4E036715084B}.Debug|Any CPU.Build.0 = Debug|Any CPU
		{325DC289-6319-4116-AED1-4E036715084B}.Release|Any CPU.ActiveCfg = Release|Any CPU
		{325DC289-6319-4116-AED1-4E036715084B}.Release|Any CPU.Build.0 = Release|Any CPU
		{2A36C88D-4A49-493C-9CD2-0D4501F76CCD}.Debug|Any CPU.ActiveCfg = Debug|Any CPU
		{2A36C88D-4A49-493C-9CD2-0D4501F76CCD}.Debug|Any CPU.Build.0 = Debug|Any CPU
		{2A36C88D-4A49-493C-9CD2-0D4501F76CCD}.Release|Any CPU.ActiveCfg = Release|Any CPU
		{2A36C88D-4A49-493C-9CD2-0D4501F76CCD}.Release|Any CPU.Build.0 = Release|Any CPU
		{504E35BB-6DDA-45D2-9AB7-B1F15A1DFEFF}.Debug|Any CPU.ActiveCfg = Debug|Any CPU
		{504E35BB-6DDA-45D2-9AB7-B1F15A1DFEFF}.Debug|Any CPU.Build.0 = Debug|Any CPU
		{504E35BB-6DDA-45D2-9AB7-B1F15A1DFEFF}.Release|Any CPU.ActiveCfg = Release|Any CPU
		{504E35BB-6DDA-45D2-9AB7-B1F15A1DFEFF}.Release|Any CPU.Build.0 = Release|Any CPU
	EndGlobalSection
	GlobalSection(SolutionProperties) = preSolution
		HideSolutionNode = FALSE
	EndGlobalSection
	GlobalSection(NestedProjects) = preSolution
		{E1311C01-3DE3-4EA9-82BF-BE76EA09F495} = {BF7139F3-0AE3-4D51-9462-3B286C6467D6}
		{21B6AB83-E0BA-41EE-8B73-DA06DB87C437} = {1BE66A11-7212-4947-B6D6-E50CF83E1184}
		{8E03BD2E-3BD4-41DC-A427-52D5B30FCD57} = {1DF6F4D8-05F3-4C77-9466-BF3C1F28A5FD}
		{63A4F596-DD34-4375-BC5D-261B34ABF500} = {1DF6F4D8-05F3-4C77-9466-BF3C1F28A5FD}
		{9CF1C64E-AE68-43A4-B5A6-87B5FEFF25BA} = {1DF6F4D8-05F3-4C77-9466-BF3C1F28A5FD}
		{325DC289-6319-4116-AED1-4E036715084B} = {D8FAB6C9-6A72-4379-B1AF-2C34AE110C83}
		{2A36C88D-4A49-493C-9CD2-0D4501F76CCD} = {D8FAB6C9-6A72-4379-B1AF-2C34AE110C83}
		{504E35BB-6DDA-45D2-9AB7-B1F15A1DFEFF} = {D8FAB6C9-6A72-4379-B1AF-2C34AE110C83}
	EndGlobalSection
	GlobalSection(ExtensibilityGlobals) = postSolution
		SolutionGuid = {215E74F7-E473-4B1D-ABFB-C22BFE3345CA}
	EndGlobalSection
EndGlobal
